
Microsoft Visual Studio Solution File, Format Version 12.00
# Visual Studio 2012
Project("{FAE04EC0-301F-11D3-BF4B-00C04F79EFBC}") = "XamarinFormsSolutionTemplate", "XamarinFormsSolutionTemplate\XamarinFormsSolutionTemplate.csproj", "{DAA79F88-4905-4655-88E1-EE2B1B6AA306}"
EndProject
Global
	GlobalSection(SolutionConfigurationPlatforms) = preSolution
		Debug|x86 = Debug|x86
		Release|x86 = Release|x86
	EndGlobalSection
	GlobalSection(ProjectConfigurationPlatforms) = postSolution
		{DAA79F88-4905-4655-88E1-EE2B1B6AA306}.Debug|x86.ActiveCfg = Debug|x86
		{DAA79F88-4905-4655-88E1-EE2B1B6AA306}.Debug|x86.Build.0 = Debug|x86
		{DAA79F88-4905-4655-88E1-EE2B1B6AA306}.Release|x86.ActiveCfg = Release|x86
		{DAA79F88-4905-4655-88E1-EE2B1B6AA306}.Release|x86.Build.0 = Release|x86
	EndGlobalSection
EndGlobal
